# This file is automatically @generated by Cargo.
# It is not intended for manual editing.
version = 4

[[package]]
name = "drivers"
version = "0.1.0"

[[package]]
name = "firmware"
version = "0.1.0"
dependencies = [
 "drivers",
]

[[package]]
name = "software"
version = "0.1.0"
dependencies = [
 "drivers",
]
